// !$*UTF8*$!
{
	archiveVersion = 1;
	classes = {
	};
	objectVersion = 46;
	objects = {

/* Begin PBXBuildFile section */
		1D096DB91C788F5800A67C6C /* FakeNetwork.swift in Sources */ = {isa = PBXBuildFile; fileRef = 1D096DB81C788F5800A67C6C /* FakeNetwork.swift */; };
		1D1C43891C73D89D00B0C12B /* GistsViewModel.swift in Sources */ = {isa = PBXBuildFile; fileRef = 1D1C43881C73D89D00B0C12B /* GistsViewModel.swift */; };
		1DC7CEB41C73CAB000C1BF4A /* AppDelegate.swift in Sources */ = {isa = PBXBuildFile; fileRef = 1DC7CEB31C73CAB000C1BF4A /* AppDelegate.swift */; };
		1DC7CEB61C73CAB000C1BF4A /* GistsViewController.swift in Sources */ = {isa = PBXBuildFile; fileRef = 1DC7CEB51C73CAB000C1BF4A /* GistsViewController.swift */; };
		1DC7CEB91C73CAB000C1BF4A /* Main.storyboard in Resources */ = {isa = PBXBuildFile; fileRef = 1DC7CEB71C73CAB000C1BF4A /* Main.storyboard */; };
		1DC7CEBB1C73CAB000C1BF4A /* Assets.xcassets in Resources */ = {isa = PBXBuildFile; fileRef = 1DC7CEBA1C73CAB000C1BF4A /* Assets.xcassets */; };
		1DC7CEBE1C73CAB000C1BF4A /* LaunchScreen.storyboard in Resources */ = {isa = PBXBuildFile; fileRef = 1DC7CEBC1C73CAB000C1BF4A /* LaunchScreen.storyboard */; };
		1DC7CEC91C73CAB000C1BF4A /* ViewingGists.swift in Sources */ = {isa = PBXBuildFile; fileRef = 1DC7CEC81C73CAB000C1BF4A /* ViewingGists.swift */; };
		1DCC4FE11C77D72900129422 /* Networking.swift in Sources */ = {isa = PBXBuildFile; fileRef = 1DCC4FE01C77D72900129422 /* Networking.swift */; };
		66B3DD43E597B82905DC6705 /* Pods_GisterTests.framework in Frameworks */ = {isa = PBXBuildFile; fileRef = 9E39CC21060B80A1BD7E84D9 /* Pods_GisterTests.framework */; };
		FF5059F456C8D76BD0791C85 /* Pods_Gister.framework in Frameworks */ = {isa = PBXBuildFile; fileRef = 2835E644F4658D2AA8DB2FF9 /* Pods_Gister.framework */; };
/* End PBXBuildFile section */

/* Begin PBXContainerItemProxy section */
		1DC7CEC51C73CAB000C1BF4A /* PBXContainerItemProxy */ = {
			isa = PBXContainerItemProxy;
			containerPortal = 1DC7CEA81C73CAB000C1BF4A /* Project object */;
			proxyType = 1;
			remoteGlobalIDString = 1DC7CEAF1C73CAB000C1BF4A;
			remoteInfo = Gister;
		};
/* End PBXContainerItemProxy section */

/* Begin PBXFileReference section */
		13028B56F3D794D7D0C35BA6 /* Pods-Gister.release.xcconfig */ = {isa = PBXFileReference; includeInIndex = 1; lastKnownFileType = text.xcconfig; name = "Pods-Gister.release.xcconfig"; path = "Pods/Target Support Files/Pods-Gister/Pods-Gister.release.xcconfig"; sourceTree = "<group>"; };
		1D096DB81C788F5800A67C6C /* FakeNetwork.swift */ = {isa = PBXFileReference; fileEncoding = 4; lastKnownFileType = sourcecode.swift; path = FakeNetwork.swift; sourceTree = "<group>"; };
		1D1C43881C73D89D00B0C12B /* GistsViewModel.swift */ = {isa = PBXFileReference; fileEncoding = 4; lastKnownFileType = sourcecode.swift; path = GistsViewModel.swift; sourceTree = "<group>"; };
		1DC7CEB01C73CAB000C1BF4A /* Gister.app */ = {isa = PBXFileReference; explicitFileType = wrapper.application; includeInIndex = 0; path = Gister.app; sourceTree = BUILT_PRODUCTS_DIR; };
		1DC7CEB31C73CAB000C1BF4A /* AppDelegate.swift */ = {isa = PBXFileReference; lastKnownFileType = sourcecode.swift; path = AppDelegate.swift; sourceTree = "<group>"; };
		1DC7CEB51C73CAB000C1BF4A /* GistsViewController.swift */ = {isa = PBXFileReference; lastKnownFileType = sourcecode.swift; path = GistsViewController.swift; sourceTree = "<group>"; };
		1DC7CEB81C73CAB000C1BF4A /* Base */ = {isa = PBXFileReference; lastKnownFileType = file.storyboard; name = Base; path = Base.lproj/Main.storyboard; sourceTree = "<group>"; };
		1DC7CEBA1C73CAB000C1BF4A /* Assets.xcassets */ = {isa = PBXFileReference; lastKnownFileType = folder.assetcatalog; path = Assets.xcassets; sourceTree = "<group>"; };
		1DC7CEBD1C73CAB000C1BF4A /* Base */ = {isa = PBXFileReference; lastKnownFileType = file.storyboard; name = Base; path = Base.lproj/LaunchScreen.storyboard; sourceTree = "<group>"; };
		1DC7CEBF1C73CAB000C1BF4A /* Info.plist */ = {isa = PBXFileReference; lastKnownFileType = text.plist.xml; path = Info.plist; sourceTree = "<group>"; };
		1DC7CEC41C73CAB000C1BF4A /* GisterTests.xctest */ = {isa = PBXFileReference; explicitFileType = wrapper.cfbundle; includeInIndex = 0; path = GisterTests.xctest; sourceTree = BUILT_PRODUCTS_DIR; };
		1DC7CEC81C73CAB000C1BF4A /* ViewingGists.swift */ = {isa = PBXFileReference; lastKnownFileType = sourcecode.swift; path = ViewingGists.swift; sourceTree = "<group>"; };
		1DC7CECA1C73CAB000C1BF4A /* Info.plist */ = {isa = PBXFileReference; lastKnownFileType = text.plist.xml; path = Info.plist; sourceTree = "<group>"; };
		1DCC4FE01C77D72900129422 /* Networking.swift */ = {isa = PBXFileReference; fileEncoding = 4; lastKnownFileType = sourcecode.swift; path = Networking.swift; sourceTree = "<group>"; };
		2835E644F4658D2AA8DB2FF9 /* Pods_Gister.framework */ = {isa = PBXFileReference; explicitFileType = wrapper.framework; includeInIndex = 0; path = Pods_Gister.framework; sourceTree = BUILT_PRODUCTS_DIR; };
		3FEA14A08DEAAD6492EB64D8 /* Pods-GisterTests.debug.xcconfig */ = {isa = PBXFileReference; includeInIndex = 1; lastKnownFileType = text.xcconfig; name = "Pods-GisterTests.debug.xcconfig"; path = "Pods/Target Support Files/Pods-GisterTests/Pods-GisterTests.debug.xcconfig"; sourceTree = "<group>"; };
		9E39CC21060B80A1BD7E84D9 /* Pods_GisterTests.framework */ = {isa = PBXFileReference; explicitFileType = wrapper.framework; includeInIndex = 0; path = Pods_GisterTests.framework; sourceTree = BUILT_PRODUCTS_DIR; };
		E117613D19B643A3AE962CD3 /* Pods-GisterTests.release.xcconfig */ = {isa = PBXFileReference; includeInIndex = 1; lastKnownFileType = text.xcconfig; name = "Pods-GisterTests.release.xcconfig"; path = "Pods/Target Support Files/Pods-GisterTests/Pods-GisterTests.release.xcconfig"; sourceTree = "<group>"; };
		E8A21F2B69EC7485A69A7562 /* Pods-Gister.debug.xcconfig */ = {isa = PBXFileReference; includeInIndex = 1; lastKnownFileType = text.xcconfig; name = "Pods-Gister.debug.xcconfig"; path = "Pods/Target Support Files/Pods-Gister/Pods-Gister.debug.xcconfig"; sourceTree = "<group>"; };
/* End PBXFileReference section */

/* Begin PBXFrameworksBuildPhase section */
		1DC7CEAD1C73CAB000C1BF4A /* Frameworks */ = {
			isa = PBXFrameworksBuildPhase;
			buildActionMask = 2147483647;
			files = (
				FF5059F456C8D76BD0791C85 /* Pods_Gister.framework in Frameworks */,
			);
			runOnlyForDeploymentPostprocessing = 0;
		};
		1DC7CEC11C73CAB000C1BF4A /* Frameworks */ = {
			isa = PBXFrameworksBuildPhase;
			buildActionMask = 2147483647;
			files = (
				66B3DD43E597B82905DC6705 /* Pods_GisterTests.framework in Frameworks */,
			);
			runOnlyForDeploymentPostprocessing = 0;
		};
/* End PBXFrameworksBuildPhase section */

/* Begin PBXGroup section */
		1D096DB71C788F4600A67C6C /* Fakes */ = {
			isa = PBXGroup;
			children = (
				1D096DB81C788F5800A67C6C /* FakeNetwork.swift */,
			);
			name = Fakes;
			sourceTree = "<group>";
		};
		1D096DBA1C78986200A67C6C /* ViewModel */ = {
			isa = PBXGroup;
			children = (
				1D1C43881C73D89D00B0C12B /* GistsViewModel.swift */,
			);
			name = ViewModel;
			sourceTree = "<group>";
		};
		1D096DBB1C78987400A67C6C /* ViewController */ = {
			isa = PBXGroup;
			children = (
				1DC7CEB51C73CAB000C1BF4A /* GistsViewController.swift */,
			);
			name = ViewController;
			sourceTree = "<group>";
		};
		1DC7CEA71C73CAB000C1BF4A = {
			isa = PBXGroup;
			children = (
				1DC7CEB21C73CAB000C1BF4A /* Gister */,
				1DC7CEC71C73CAB000C1BF4A /* GisterTests */,
				1DC7CEB11C73CAB000C1BF4A /* Products */,
				8EBB304F9E3138C83D633F37 /* Pods */,
				8213637B3F48FD82D330B2A7 /* Frameworks */,
			);
			sourceTree = "<group>";
		};
		1DC7CEB11C73CAB000C1BF4A /* Products */ = {
			isa = PBXGroup;
			children = (
				1DC7CEB01C73CAB000C1BF4A /* Gister.app */,
				1DC7CEC41C73CAB000C1BF4A /* GisterTests.xctest */,
			);
			name = Products;
			sourceTree = "<group>";
		};
		1DC7CEB21C73CAB000C1BF4A /* Gister */ = {
			isa = PBXGroup;
			children = (
				1D096DBB1C78987400A67C6C /* ViewController */,
				1D096DBA1C78986200A67C6C /* ViewModel */,
				1DC7CEB31C73CAB000C1BF4A /* AppDelegate.swift */,
				1DC7CEB71C73CAB000C1BF4A /* Main.storyboard */,
				1DC7CEBA1C73CAB000C1BF4A /* Assets.xcassets */,
				1DC7CEBC1C73CAB000C1BF4A /* LaunchScreen.storyboard */,
				1DC7CEBF1C73CAB000C1BF4A /* Info.plist */,
				1DCC4FE01C77D72900129422 /* Networking.swift */,
			);
			path = Gister;
			sourceTree = "<group>";
		};
		1DC7CEC71C73CAB000C1BF4A /* GisterTests */ = {
			isa = PBXGroup;
			children = (
				1D096DB71C788F4600A67C6C /* Fakes */,
				1DC7CEC81C73CAB000C1BF4A /* ViewingGists.swift */,
				1DC7CECA1C73CAB000C1BF4A /* Info.plist */,
			);
			path = GisterTests;
			sourceTree = "<group>";
		};
		8213637B3F48FD82D330B2A7 /* Frameworks */ = {
			isa = PBXGroup;
			children = (
				2835E644F4658D2AA8DB2FF9 /* Pods_Gister.framework */,
				9E39CC21060B80A1BD7E84D9 /* Pods_GisterTests.framework */,
			);
			name = Frameworks;
			sourceTree = "<group>";
		};
		8EBB304F9E3138C83D633F37 /* Pods */ = {
			isa = PBXGroup;
			children = (
				E8A21F2B69EC7485A69A7562 /* Pods-Gister.debug.xcconfig */,
				13028B56F3D794D7D0C35BA6 /* Pods-Gister.release.xcconfig */,
				3FEA14A08DEAAD6492EB64D8 /* Pods-GisterTests.debug.xcconfig */,
				E117613D19B643A3AE962CD3 /* Pods-GisterTests.release.xcconfig */,
			);
			name = Pods;
			sourceTree = "<group>";
		};
/* End PBXGroup section */

/* Begin PBXNativeTarget section */
		1DC7CEAF1C73CAB000C1BF4A /* Gister */ = {
			isa = PBXNativeTarget;
			buildConfigurationList = 1DC7CECD1C73CAB000C1BF4A /* Build configuration list for PBXNativeTarget "Gister" */;
			buildPhases = (
				8D25A1B6A008E75624796A90 /* Check Pods Manifest.lock */,
				1DC7CEAC1C73CAB000C1BF4A /* Sources */,
				1DC7CEAD1C73CAB000C1BF4A /* Frameworks */,
				1DC7CEAE1C73CAB000C1BF4A /* Resources */,
				FF71DA291EFE75534EACD25E /* Embed Pods Frameworks */,
				EE54955DAB4165F6D39D1B96 /* Copy Pods Resources */,
			);
			buildRules = (
			);
			dependencies = (
			);
			name = Gister;
			productName = Gister;
			productReference = 1DC7CEB01C73CAB000C1BF4A /* Gister.app */;
			productType = "com.apple.product-type.application";
		};
		1DC7CEC31C73CAB000C1BF4A /* GisterTests */ = {
			isa = PBXNativeTarget;
			buildConfigurationList = 1DC7CED01C73CAB000C1BF4A /* Build configuration list for PBXNativeTarget "GisterTests" */;
			buildPhases = (
				9D9D0EE213053D4D849F634D /* Check Pods Manifest.lock */,
				1DC7CEC01C73CAB000C1BF4A /* Sources */,
				1DC7CEC11C73CAB000C1BF4A /* Frameworks */,
				1DC7CEC21C73CAB000C1BF4A /* Resources */,
				470559AD9E90A9D1C4DBFB07 /* Embed Pods Frameworks */,
				B8F0CEC0E697344A9B77411E /* Copy Pods Resources */,
			);
			buildRules = (
			);
			dependencies = (
				1DC7CEC61C73CAB000C1BF4A /* PBXTargetDependency */,
			);
			name = GisterTests;
			productName = GisterTests;
			productReference = 1DC7CEC41C73CAB000C1BF4A /* GisterTests.xctest */;
			productType = "com.apple.product-type.bundle.unit-test";
		};
/* End PBXNativeTarget section */

/* Begin PBXProject section */
		1DC7CEA81C73CAB000C1BF4A /* Project object */ = {
			isa = PBXProject;
			attributes = {
				LastSwiftUpdateCheck = 0720;
				LastUpgradeCheck = 0720;
				ORGANIZATIONNAME = AppBrains;
				TargetAttributes = {
					1DC7CEAF1C73CAB000C1BF4A = {
						CreatedOnToolsVersion = 7.2.1;
					};
					1DC7CEC31C73CAB000C1BF4A = {
						CreatedOnToolsVersion = 7.2.1;
						TestTargetID = 1DC7CEAF1C73CAB000C1BF4A;
					};
				};
			};
			buildConfigurationList = 1DC7CEAB1C73CAB000C1BF4A /* Build configuration list for PBXProject "Gister" */;
			compatibilityVersion = "Xcode 3.2";
			developmentRegion = English;
			hasScannedForEncodings = 0;
			knownRegions = (
				en,
				Base,
			);
			mainGroup = 1DC7CEA71C73CAB000C1BF4A;
			productRefGroup = 1DC7CEB11C73CAB000C1BF4A /* Products */;
			projectDirPath = "";
			projectRoot = "";
			targets = (
				1DC7CEAF1C73CAB000C1BF4A /* Gister */,
				1DC7CEC31C73CAB000C1BF4A /* GisterTests */,
			);
		};
/* End PBXProject section */

/* Begin PBXResourcesBuildPhase section */
		1DC7CEAE1C73CAB000C1BF4A /* Resources */ = {
			isa = PBXResourcesBuildPhase;
			buildActionMask = 2147483647;
			files = (
				1DC7CEBE1C73CAB000C1BF4A /* LaunchScreen.storyboard in Resources */,
				1DC7CEBB1C73CAB000C1BF4A /* Assets.xcassets in Resources */,
				1DC7CEB91C73CAB000C1BF4A /* Main.storyboard in Resources */,
			);
			runOnlyForDeploymentPostprocessing = 0;
		};
		1DC7CEC21C73CAB000C1BF4A /* Resources */ = {
			isa = PBXResourcesBuildPhase;
			buildActionMask = 2147483647;
			files = (
			);
			runOnlyForDeploymentPostprocessing = 0;
		};
/* End PBXResourcesBuildPhase section */

/* Begin PBXShellScriptBuildPhase section */
		470559AD9E90A9D1C4DBFB07 /* Embed Pods Frameworks */ = {
			isa = PBXShellScriptBuildPhase;
			buildActionMask = 2147483647;
			files = (
			);
			inputPaths = (
			);
			name = "Embed Pods Frameworks";
			outputPaths = (
			);
			runOnlyForDeploymentPostprocessing = 0;
			shellPath = /bin/sh;
			shellScript = "\"${SRCROOT}/Pods/Target Support Files/Pods-GisterTests/Pods-GisterTests-frameworks.sh\"\n";
			showEnvVarsInLog = 0;
		};
		8D25A1B6A008E75624796A90 /* Check Pods Manifest.lock */ = {
			isa = PBXShellScriptBuildPhase;
			buildActionMask = 2147483647;
			files = (
			);
			inputPaths = (
			);
			name = "Check Pods Manifest.lock";
			outputPaths = (
			);
			runOnlyForDeploymentPostprocessing = 0;
			shellPath = /bin/sh;
			shellScript = "diff \"${PODS_ROOT}/../Podfile.lock\" \"${PODS_ROOT}/Manifest.lock\" > /dev/null\nif [[ $? != 0 ]] ; then\n    cat << EOM\nerror: The sandbox is not in sync with the Podfile.lock. Run 'pod install' or update your CocoaPods installation.\nEOM\n    exit 1\nfi\n";
			showEnvVarsInLog = 0;
		};
		9D9D0EE213053D4D849F634D /* Check Pods Manifest.lock */ = {
			isa = PBXShellScriptBuildPhase;
			buildActionMask = 2147483647;
			files = (
			);
			inputPaths = (
			);
			name = "Check Pods Manifest.lock";
			outputPaths = (
			);
			runOnlyForDeploymentPostprocessing = 0;
			shellPath = /bin/sh;
			shellScript = "diff \"${PODS_ROOT}/../Podfile.lock\" \"${PODS_ROOT}/Manifest.lock\" > /dev/null\nif [[ $? != 0 ]] ; then\n    cat << EOM\nerror: The sandbox is not in sync with the Podfile.lock. Run 'pod install' or update your CocoaPods installation.\nEOM\n    exit 1\nfi\n";
			showEnvVarsInLog = 0;
		};
		B8F0CEC0E697344A9B77411E /* Copy Pods Resources */ = {
			isa = PBXShellScriptBuildPhase;
			buildActionMask = 2147483647;
			files = (
			);
			inputPaths = (
			);
			name = "Copy Pods Resources";
			outputPaths = (
			);
			runOnlyForDeploymentPostprocessing = 0;
			shellPath = /bin/sh;
			shellScript = "\"${SRCROOT}/Pods/Target Support Files/Pods-GisterTests/Pods-GisterTests-resources.sh\"\n";
			showEnvVarsInLog = 0;
		};
		EE54955DAB4165F6D39D1B96 /* Copy Pods Resources */ = {
			isa = PBXShellScriptBuildPhase;
			buildActionMask = 2147483647;
			files = (
			);
			inputPaths = (
			);
			name = "Copy Pods Resources";
			outputPaths = (
			);
			runOnlyForDeploymentPostprocessing = 0;
			shellPath = /bin/sh;
			shellScript = "\"${SRCROOT}/Pods/Target Support Files/Pods-Gister/Pods-Gister-resources.sh\"\n";
			showEnvVarsInLog = 0;
		};
		FF71DA291EFE75534EACD25E /* Embed Pods Frameworks */ = {
			isa = PBXShellScriptBuildPhase;
			buildActionMask = 2147483647;
			files = (
			);
			inputPaths = (
			);
			name = "Embed Pods Frameworks";
			outputPaths = (
			);
			runOnlyForDeploymentPostprocessing = 0;
			shellPath = /bin/sh;
			shellScript = "\"${SRCROOT}/Pods/Target Support Files/Pods-Gister/Pods-Gister-frameworks.sh\"\n";
			showEnvVarsInLog = 0;
		};
/* End PBXShellScriptBuildPhase section */

/* Begin PBXSourcesBuildPhase section */
		1DC7CEAC1C73CAB000C1BF4A /* Sources */ = {
			isa = PBXSourcesBuildPhase;
			buildActionMask = 2147483647;
			files = (
				1DC7CEB61C73CAB000C1BF4A /* GistsViewController.swift in Sources */,
				1D1C43891C73D89D00B0C12B /* GistsViewModel.swift in Sources */,
				1DC7CEB41C73CAB000C1BF4A /* AppDelegate.swift in Sources */,
				1DCC4FE11C77D72900129422 /* Networking.swift in Sources */,
			);
			runOnlyForDeploymentPostprocessing = 0;
		};
		1DC7CEC01C73CAB000C1BF4A /* Sources */ = {
			isa = PBXSourcesBuildPhase;
			buildActionMask = 2147483647;
			files = (
				1DC7CEC91C73CAB000C1BF4A /* ViewingGists.swift in Sources */,
				1D096DB91C788F5800A67C6C /* FakeNetwork.swift in Sources */,
			);
			runOnlyForDeploymentPostprocessing = 0;
		};
/* End PBXSourcesBuildPhase section */

/* Begin PBXTargetDependency section */
		1DC7CEC61C73CAB000C1BF4A /* PBXTargetDependency */ = {
			isa = PBXTargetDependency;
			target = 1DC7CEAF1C73CAB000C1BF4A /* Gister */;
			targetProxy = 1DC7CEC51C73CAB000C1BF4A /* PBXContainerItemProxy */;
		};
/* End PBXTargetDependency section */

/* Begin PBXVariantGroup section */
		1DC7CEB71C73CAB000C1BF4A /* Main.storyboard */ = {
			isa = PBXVariantGroup;
			children = (
				1DC7CEB81C73CAB000C1BF4A /* Base */,
			);
			name = Main.storyboard;
			sourceTree = "<group>";
		};
		1DC7CEBC1C73CAB000C1BF4A /* LaunchScreen.storyboard */ = {
			isa = PBXVariantGroup;
			children = (
				1DC7CEBD1C73CAB000C1BF4A /* Base */,
			);
			name = LaunchScreen.storyboard;
			sourceTree = "<group>";
		};
/* End PBXVariantGroup section */

/* Begin XCBuildConfiguration section */
		1DC7CECB1C73CAB000C1BF4A /* Debug */ = {
			isa = XCBuildConfiguration;
			buildSettings = {
				ALWAYS_SEARCH_USER_PATHS = NO;
				CLANG_CXX_LANGUAGE_STANDARD = "gnu++0x";
				CLANG_CXX_LIBRARY = "libc++";
				CLANG_ENABLE_MODULES = YES;
				CLANG_ENABLE_OBJC_ARC = YES;
				CLANG_WARN_BOOL_CONVERSION = YES;
				CLANG_WARN_CONSTANT_CONVERSION = YES;
				CLANG_WARN_DIRECT_OBJC_ISA_USAGE = YES_ERROR;
				CLANG_WARN_EMPTY_BODY = YES;
				CLANG_WARN_ENUM_CONVERSION = YES;
				CLANG_WARN_INT_CONVERSION = YES;
				CLANG_WARN_OBJC_ROOT_CLASS = YES_ERROR;
				CLANG_WARN_UNREACHABLE_CODE = YES;
				CLANG_WARN__DUPLICATE_METHOD_MATCH = YES;
				"CODE_SIGN_IDENTITY[sdk=iphoneos*]" = "iPhone Developer";
				COPY_PHASE_STRIP = NO;
				DEBUG_INFORMATION_FORMAT = dwarf;
				ENABLE_STRICT_OBJC_MSGSEND = YES;
				ENABLE_TESTABILITY = YES;
				GCC_C_LANGUAGE_STANDARD = gnu99;
				GCC_DYNAMIC_NO_PIC = NO;
				GCC_NO_COMMON_BLOCKS = YES;
				GCC_OPTIMIZATION_LEVEL = 0;
				GCC_PREPROCESSOR_DEFINITIONS = (
					"DEBUG=1",
					"$(inherited)",
				);
				GCC_WARN_64_TO_32_BIT_CONVERSION = YES;
				GCC_WARN_ABOUT_RETURN_TYPE = YES_ERROR;
				GCC_WARN_UNDECLARED_SELECTOR = YES;
				GCC_WARN_UNINITIALIZED_AUTOS = YES_AGGRESSIVE;
				GCC_WARN_UNUSED_FUNCTION = YES;
				GCC_WARN_UNUSED_VARIABLE = YES;
				IPHONEOS_DEPLOYMENT_TARGET = 9.2;
				MTL_ENABLE_DEBUG_INFO = YES;
				ONLY_ACTIVE_ARCH = YES;
				SDKROOT = iphoneos;
				SWIFT_OPTIMIZATION_LEVEL = "-Onone";
				TARGETED_DEVICE_FAMILY = "1,2";
			};
			name = Debug;
		};
		1DC7CECC1C73CAB000C1BF4A /* Release */ = {
			isa = XCBuildConfiguration;
			buildSettings = {
				ALWAYS_SEARCH_USER_PATHS = NO;
				CLANG_CXX_LANGUAGE_STANDARD = "gnu++0x";
				CLANG_CXX_LIBRARY = "libc++";
				CLANG_ENABLE_MODULES = YES;
				CLANG_ENABLE_OBJC_ARC = YES;
				CLANG_WARN_BOOL_CONVERSION = YES;
				CLANG_WARN_CONSTANT_CONVERSION = YES;
				CLANG_WARN_DIRECT_OBJC_ISA_USAGE = YES_ERROR;
				CLANG_WARN_EMPTY_BODY = YES;
				CLANG_WARN_ENUM_CONVERSION = YES;
				CLANG_WARN_INT_CONVERSION = YES;
				CLANG_WARN_OBJC_ROOT_CLASS = YES_ERROR;
				CLANG_WARN_UNREACHABLE_CODE = YES;
				CLANG_WARN__DUPLICATE_METHOD_MATCH = YES;
				"CODE_SIGN_IDENTITY[sdk=iphoneos*]" = "iPhone Developer";
				COPY_PHASE_STRIP = NO;
				DEBUG_INFORMATION_FORMAT = "dwarf-with-dsym";
				ENABLE_NS_ASSERTIONS = NO;
				ENABLE_STRICT_OBJC_MSGSEND = YES;
				GCC_C_LANGUAGE_STANDARD = gnu99;
				GCC_NO_COMMON_BLOCKS = YES;
				GCC_WARN_64_TO_32_BIT_CONVERSION = YES;
				GCC_WARN_ABOUT_RETURN_TYPE = YES_ERROR;
				GCC_WARN_UNDECLARED_SELECTOR = YES;
				GCC_WARN_UNINITIALIZED_AUTOS = YES_AGGRESSIVE;
				GCC_WARN_UNUSED_FUNCTION = YES;
				GCC_WARN_UNUSED_VARIABLE = YES;
				IPHONEOS_DEPLOYMENT_TARGET = 9.2;
				MTL_ENABLE_DEBUG_INFO = NO;
				SDKROOT = iphoneos;
				TARGETED_DEVICE_FAMILY = "1,2";
				VALIDATE_PRODUCT = YES;
			};
			name = Release;
		};
		1DC7CECE1C73CAB000C1BF4A /* Debug */ = {
			isa = XCBuildConfiguration;
			baseConfigurationReference = E8A21F2B69EC7485A69A7562 /* Pods-Gister.debug.xcconfig */;
			buildSettings = {
				ASSETCATALOG_COMPILER_APPICON_NAME = AppIcon;
				INFOPLIST_FILE = Gister/Info.plist;
				LD_RUNPATH_SEARCH_PATHS = "$(inherited) @executable_path/Frameworks";
				PRODUCT_BUNDLE_IDENTIFIER = AppBrains.Gister;
				PRODUCT_NAME = "$(TARGET_NAME)";
			};
			name = Debug;
		};
		1DC7CECF1C73CAB000C1BF4A /* Release */ = {
			isa = XCBuildConfiguration;
			baseConfigurationReference = 13028B56F3D794D7D0C35BA6 /* Pods-Gister.release.xcconfig */;
			buildSettings = {
				ASSETCATALOG_COMPILER_APPICON_NAME = AppIcon;
				INFOPLIST_FILE = Gister/Info.plist;
				LD_RUNPATH_SEARCH_PATHS = "$(inherited) @executable_path/Frameworks";
				PRODUCT_BUNDLE_IDENTIFIER = AppBrains.Gister;
				PRODUCT_NAME = "$(TARGET_NAME)";
			};
			name = Release;
		};
		1DC7CED11C73CAB000C1BF4A /* Debug */ = {
			isa = XCBuildConfiguration;
			baseConfigurationReference = 3FEA14A08DEAAD6492EB64D8 /* Pods-GisterTests.debug.xcconfig */;
			buildSettings = {
				BUNDLE_LOADER = "$(TEST_HOST)";
				INFOPLIST_FILE = GisterTests/Info.plist;
				LD_RUNPATH_SEARCH_PATHS = "$(inherited) @executable_path/Frameworks @loader_path/Frameworks";
				PRODUCT_BUNDLE_IDENTIFIER = AppBrains.GisterTests;
				PRODUCT_NAME = "$(TARGET_NAME)";
				TEST_HOST = "$(BUILT_PRODUCTS_DIR)/Gister.app/Gister";
			};
			name = Debug;
		};
		1DC7CED21C73CAB000C1BF4A /* Release */ = {
			isa = XCBuildConfiguration;
			baseConfigurationReference = E117613D19B643A3AE962CD3 /* Pods-GisterTests.release.xcconfig */;
			buildSettings = {
				BUNDLE_LOADER = "$(TEST_HOST)";
				INFOPLIST_FILE = GisterTests/Info.plist;
				LD_RUNPATH_SEARCH_PATHS = "$(inherited) @executable_path/Frameworks @loader_path/Frameworks";
				PRODUCT_BUNDLE_IDENTIFIER = AppBrains.GisterTests;
				PRODUCT_NAME = "$(TARGET_NAME)";
				TEST_HOST = "$(BUILT_PRODUCTS_DIR)/Gister.app/Gister";
			};
			name = Release;
		};
/* End XCBuildConfiguration section */

/* Begin XCConfigurationList section */
		1DC7CEAB1C73CAB000C1BF4A /* Build configuration list for PBXProject "Gister" */ = {
			isa = XCConfigurationList;
			buildConfigurations = (
				1DC7CECB1C73CAB000C1BF4A /* Debug */,
				1DC7CECC1C73CAB000C1BF4A /* Release */,
			);
			defaultConfigurationIsVisible = 0;
			defaultConfigurationName = Release;
		};
		1DC7CECD1C73CAB000C1BF4A /* Build configuration list for PBXNativeTarget "Gister" */ = {
			isa = XCConfigurationList;
			buildConfigurations = (
				1DC7CECE1C73CAB000C1BF4A /* Debug */,
				1DC7CECF1C73CAB000C1BF4A /* Release */,
			);
			defaultConfigurationIsVisible = 0;
			defaultConfigurationName = Release;
		};
		1DC7CED01C73CAB000C1BF4A /* Build configuration list for PBXNativeTarget "GisterTests" */ = {
			isa = XCConfigurationList;
			buildConfigurations = (
				1DC7CED11C73CAB000C1BF4A /* Debug */,
				1DC7CED21C73CAB000C1BF4A /* Release */,
			);
			defaultConfigurationIsVisible = 0;
			defaultConfigurationName = Release;
		};
/* End XCConfigurationList section */
	};
	rootObject = 1DC7CEA81C73CAB000C1BF4A /* Project object */;
}
