// !$*UTF8*$!
{
	archiveVersion = 1;
	classes = {
	};
	objectVersion = 46;
	objects = {

/* Begin PBXBuildFile section */
		1D096DB91C788F5800A67C6C /* FakeNetwork.swift in Sources */ = {isa = PBXBuildFile; fileRef = 1D096DB81C788F5800A67C6C /* FakeNetwork.swift */; };
		1DAB12171C78C52400E53951 /* Main.storyboard in Resources */ = {isa = PBXBuildFile; fileRef = 1DAB12131C78C52400E53951 /* Main.storyboard */; };
		1DAB12181C78C52400E53951 /* LaunchScreen.storyboard in Resources */ = {isa = PBXBuildFile; fileRef = 1DAB12151C78C52400E53951 /* LaunchScreen.storyboard */; };
		1DAB121B1C78C72000E53951 /* Images.xcassets in Resources */ = {isa = PBXBuildFile; fileRef = 1DAB121A1C78C72000E53951 /* Images.xcassets */; };
		1DAB121C1C78C7B000E53951 /* GitSearchViewController.swift in Sources */ = {isa = PBXBuildFile; fileRef = 1DC7CEB51C73CAB000C1BF4A /* GitSearchViewController.swift */; };
		1DAB121D1C78C7B000E53951 /* GitSearchViewModel.swift in Sources */ = {isa = PBXBuildFile; fileRef = 1D1C43881C73D89D00B0C12B /* GitSearchViewModel.swift */; };
		1DAB121E1C78C7B000E53951 /* AppDelegate.swift in Sources */ = {isa = PBXBuildFile; fileRef = 1DC7CEB31C73CAB000C1BF4A /* AppDelegate.swift */; };
		1DAB121F1C78C7B000E53951 /* Networking.swift in Sources */ = {isa = PBXBuildFile; fileRef = 1DCC4FE01C77D72900129422 /* Networking.swift */; };
		1DC7CEC91C73CAB000C1BF4A /* ViewingGists.swift in Sources */ = {isa = PBXBuildFile; fileRef = 1DC7CEC81C73CAB000C1BF4A /* ViewingGists.swift */; };
		6B5A8F50FA9BCD2DEDBE8C0D /* Pods_GitsterTests.framework in Frameworks */ = {isa = PBXBuildFile; fileRef = 1B6F486D4580F1500D999C07 /* Pods_GitsterTests.framework */; };
		81E57A8C06F6EFBAE26D9926 /* Pods_Gitster.framework in Frameworks */ = {isa = PBXBuildFile; fileRef = 70B64AD88E3EE3738121B9C8 /* Pods_Gitster.framework */; };
/* End PBXBuildFile section */

/* Begin PBXContainerItemProxy section */
		1DC7CEC51C73CAB000C1BF4A /* PBXContainerItemProxy */ = {
			isa = PBXContainerItemProxy;
			containerPortal = 1DC7CEA81C73CAB000C1BF4A /* Project object */;
			proxyType = 1;
			remoteGlobalIDString = 1DC7CEAF1C73CAB000C1BF4A;
			remoteInfo = Gister;
		};
/* End PBXContainerItemProxy section */

/* Begin PBXFileReference section */
		1B6F486D4580F1500D999C07 /* Pods_GitsterTests.framework */ = {isa = PBXFileReference; explicitFileType = wrapper.framework; includeInIndex = 0; path = Pods_GitsterTests.framework; sourceTree = BUILT_PRODUCTS_DIR; };
		1D096DB81C788F5800A67C6C /* FakeNetwork.swift */ = {isa = PBXFileReference; fileEncoding = 4; lastKnownFileType = sourcecode.swift; name = FakeNetwork.swift; path = GitsterTests/FakeNetwork.swift; sourceTree = SOURCE_ROOT; };
		1D1C43881C73D89D00B0C12B /* GitSearchViewModel.swift */ = {isa = PBXFileReference; fileEncoding = 4; lastKnownFileType = sourcecode.swift; name = GitSearchViewModel.swift; path = Gitster/ViewModel/GitSearchViewModel.swift; sourceTree = SOURCE_ROOT; };
		1DAB12141C78C52400E53951 /* Base */ = {isa = PBXFileReference; lastKnownFileType = file.storyboard; name = Base; path = Gitster/Base.lproj/Main.storyboard; sourceTree = SOURCE_ROOT; };
		1DAB12161C78C52400E53951 /* Base */ = {isa = PBXFileReference; lastKnownFileType = file.storyboard; name = Base; path = Gitster/Base.lproj/LaunchScreen.storyboard; sourceTree = SOURCE_ROOT; };
		1DAB121A1C78C72000E53951 /* Images.xcassets */ = {isa = PBXFileReference; lastKnownFileType = folder.assetcatalog; name = Images.xcassets; path = Gitster/Images.xcassets; sourceTree = SOURCE_ROOT; };
		1DC7CEB01C73CAB000C1BF4A /* Gitster.app */ = {isa = PBXFileReference; explicitFileType = wrapper.application; includeInIndex = 0; path = Gitster.app; sourceTree = BUILT_PRODUCTS_DIR; };
		1DC7CEB31C73CAB000C1BF4A /* AppDelegate.swift */ = {isa = PBXFileReference; lastKnownFileType = sourcecode.swift; name = AppDelegate.swift; path = Gitster/AppDelegate.swift; sourceTree = SOURCE_ROOT; };
		1DC7CEB51C73CAB000C1BF4A /* GitSearchViewController.swift */ = {isa = PBXFileReference; lastKnownFileType = sourcecode.swift; name = GitSearchViewController.swift; path = Gitster/ViewController/GitSearchViewController.swift; sourceTree = SOURCE_ROOT; };
		1DC7CEBF1C73CAB000C1BF4A /* Info.plist */ = {isa = PBXFileReference; lastKnownFileType = text.plist; name = Info.plist; path = Gitster/Info.plist; sourceTree = "<group>"; };
		1DC7CEC41C73CAB000C1BF4A /* GitsterTests.xctest */ = {isa = PBXFileReference; explicitFileType = wrapper.cfbundle; includeInIndex = 0; path = GitsterTests.xctest; sourceTree = BUILT_PRODUCTS_DIR; };
		1DC7CEC81C73CAB000C1BF4A /* ViewingGists.swift */ = {isa = PBXFileReference; lastKnownFileType = sourcecode.swift; name = ViewingGists.swift; path = GitsterTests/ViewingGists.swift; sourceTree = SOURCE_ROOT; };
		1DC7CECA1C73CAB000C1BF4A /* Info.plist */ = {isa = PBXFileReference; lastKnownFileType = text.plist.xml; name = Info.plist; path = GitsterTests/Info.plist; sourceTree = SOURCE_ROOT; };
		1DCC4FE01C77D72900129422 /* Networking.swift */ = {isa = PBXFileReference; fileEncoding = 4; lastKnownFileType = sourcecode.swift; name = Networking.swift; path = Gitster/Networking.swift; sourceTree = SOURCE_ROOT; };
		524523B04C2185E836E7A4F0 /* Pods-Gitster.debug.xcconfig */ = {isa = PBXFileReference; includeInIndex = 1; lastKnownFileType = text.xcconfig; name = "Pods-Gitster.debug.xcconfig"; path = "Pods/Target Support Files/Pods-Gitster/Pods-Gitster.debug.xcconfig"; sourceTree = "<group>"; };
		592DBCCE1352D3F6E87D1535 /* Pods-Gitster.release.xcconfig */ = {isa = PBXFileReference; includeInIndex = 1; lastKnownFileType = text.xcconfig; name = "Pods-Gitster.release.xcconfig"; path = "Pods/Target Support Files/Pods-Gitster/Pods-Gitster.release.xcconfig"; sourceTree = "<group>"; };
		70B64AD88E3EE3738121B9C8 /* Pods_Gitster.framework */ = {isa = PBXFileReference; explicitFileType = wrapper.framework; includeInIndex = 0; path = Pods_Gitster.framework; sourceTree = BUILT_PRODUCTS_DIR; };
		9DE64B2B59220A5D4A9582CC /* Pods-GitsterTests.release.xcconfig */ = {isa = PBXFileReference; includeInIndex = 1; lastKnownFileType = text.xcconfig; name = "Pods-GitsterTests.release.xcconfig"; path = "Pods/Target Support Files/Pods-GitsterTests/Pods-GitsterTests.release.xcconfig"; sourceTree = "<group>"; };
		AACECACD3A9A2CAF1525F392 /* Pods-GitsterTests.debug.xcconfig */ = {isa = PBXFileReference; includeInIndex = 1; lastKnownFileType = text.xcconfig; name = "Pods-GitsterTests.debug.xcconfig"; path = "Pods/Target Support Files/Pods-GitsterTests/Pods-GitsterTests.debug.xcconfig"; sourceTree = "<group>"; };
/* End PBXFileReference section */

/* Begin PBXFrameworksBuildPhase section */
		1DC7CEAD1C73CAB000C1BF4A /* Frameworks */ = {
			isa = PBXFrameworksBuildPhase;
			buildActionMask = 2147483647;
			files = (
				81E57A8C06F6EFBAE26D9926 /* Pods_Gitster.framework in Frameworks */,
			);
			runOnlyForDeploymentPostprocessing = 0;
		};
		1DC7CEC11C73CAB000C1BF4A /* Frameworks */ = {
			isa = PBXFrameworksBuildPhase;
			buildActionMask = 2147483647;
			files = (
				6B5A8F50FA9BCD2DEDBE8C0D /* Pods_GitsterTests.framework in Frameworks */,
			);
			runOnlyForDeploymentPostprocessing = 0;
		};
/* End PBXFrameworksBuildPhase section */

/* Begin PBXGroup section */
		1D096DB71C788F4600A67C6C /* Fakes */ = {
			isa = PBXGroup;
			children = (
				1D096DB81C788F5800A67C6C /* FakeNetwork.swift */,
			);
			name = Fakes;
			sourceTree = "<group>";
		};
		1DC7CEA71C73CAB000C1BF4A = {
			isa = PBXGroup;
			children = (
				1DC7CEB21C73CAB000C1BF4A /* Gitster */,
				1DC7CEC71C73CAB000C1BF4A /* GisterTests */,
				1DC7CEB11C73CAB000C1BF4A /* Products */,
				8213637B3F48FD82D330B2A7 /* Frameworks */,
				50ACE7CB49F53B45EE1062FF /* Pods */,
			);
			sourceTree = "<group>";
		};
		1DC7CEB11C73CAB000C1BF4A /* Products */ = {
			isa = PBXGroup;
			children = (
				1DC7CEB01C73CAB000C1BF4A /* Gitster.app */,
				1DC7CEC41C73CAB000C1BF4A /* GitsterTests.xctest */,
			);
			name = Products;
			sourceTree = "<group>";
		};
		1DC7CEB21C73CAB000C1BF4A /* Gitster */ = {
			isa = PBXGroup;
			children = (
				1DD1C3A41C790A9400261B5E /* ViewController */,
				1DD1C3A51C790A9400261B5E /* ViewModel */,
				1DAB12131C78C52400E53951 /* Main.storyboard */,
				1DAB12151C78C52400E53951 /* LaunchScreen.storyboard */,
				1DC7CEB31C73CAB000C1BF4A /* AppDelegate.swift */,
				1DC7CEBF1C73CAB000C1BF4A /* Info.plist */,
				1DCC4FE01C77D72900129422 /* Networking.swift */,
				1DAB121A1C78C72000E53951 /* Images.xcassets */,
			);
			name = Gitster;
			path = Gister;
			sourceTree = "<group>";
		};
		1DC7CEC71C73CAB000C1BF4A /* GisterTests */ = {
			isa = PBXGroup;
			children = (
				1D096DB71C788F4600A67C6C /* Fakes */,
				1DC7CEC81C73CAB000C1BF4A /* ViewingGists.swift */,
				1DC7CECA1C73CAB000C1BF4A /* Info.plist */,
			);
			path = GisterTests;
			sourceTree = "<group>";
		};
		1DD1C3A41C790A9400261B5E /* ViewController */ = {
			isa = PBXGroup;
			children = (
				1DC7CEB51C73CAB000C1BF4A /* GitSearchViewController.swift */,
			);
			name = ViewController;
			path = Gitster/ViewController;
			sourceTree = SOURCE_ROOT;
		};
		1DD1C3A51C790A9400261B5E /* ViewModel */ = {
			isa = PBXGroup;
			children = (
				1D1C43881C73D89D00B0C12B /* GitSearchViewModel.swift */,
			);
			name = ViewModel;
			path = Gitster/ViewModel;
			sourceTree = SOURCE_ROOT;
		};
		50ACE7CB49F53B45EE1062FF /* Pods */ = {
			isa = PBXGroup;
			children = (
				524523B04C2185E836E7A4F0 /* Pods-Gitster.debug.xcconfig */,
				592DBCCE1352D3F6E87D1535 /* Pods-Gitster.release.xcconfig */,
				AACECACD3A9A2CAF1525F392 /* Pods-GitsterTests.debug.xcconfig */,
				9DE64B2B59220A5D4A9582CC /* Pods-GitsterTests.release.xcconfig */,
			);
			name = Pods;
			sourceTree = "<group>";
		};
		8213637B3F48FD82D330B2A7 /* Frameworks */ = {
			isa = PBXGroup;
			children = (
				70B64AD88E3EE3738121B9C8 /* Pods_Gitster.framework */,
				1B6F486D4580F1500D999C07 /* Pods_GitsterTests.framework */,
			);
			name = Frameworks;
			sourceTree = "<group>";
		};
/* End PBXGroup section */

/* Begin PBXNativeTarget section */
		1DC7CEAF1C73CAB000C1BF4A /* Gitster */ = {
			isa = PBXNativeTarget;
			buildConfigurationList = 1DC7CECD1C73CAB000C1BF4A /* Build configuration list for PBXNativeTarget "Gitster" */;
			buildPhases = (
				FC6BBE3117F88D7C2243F671 /* Check Pods Manifest.lock */,
				1DC7CEAC1C73CAB000C1BF4A /* Sources */,
				1DC7CEAD1C73CAB000C1BF4A /* Frameworks */,
				1DC7CEAE1C73CAB000C1BF4A /* Resources */,
				E6E0B8EE67FBECCCE3741B58 /* Embed Pods Frameworks */,
				C735FE38F8035A25627FDC39 /* Copy Pods Resources */,
			);
			buildRules = (
			);
			dependencies = (
			);
			name = Gitster;
			productName = Gister;
			productReference = 1DC7CEB01C73CAB000C1BF4A /* Gitster.app */;
			productType = "com.apple.product-type.application";
		};
		1DC7CEC31C73CAB000C1BF4A /* GitsterTests */ = {
			isa = PBXNativeTarget;
			buildConfigurationList = 1DC7CED01C73CAB000C1BF4A /* Build configuration list for PBXNativeTarget "GitsterTests" */;
			buildPhases = (
				9D9D0EE213053D4D849F634D /* Check Pods Manifest.lock */,
				1DC7CEC01C73CAB000C1BF4A /* Sources */,
				1DC7CEC11C73CAB000C1BF4A /* Frameworks */,
				1DC7CEC21C73CAB000C1BF4A /* Resources */,
				470559AD9E90A9D1C4DBFB07 /* Embed Pods Frameworks */,
				B8F0CEC0E697344A9B77411E /* Copy Pods Resources */,
			);
			buildRules = (
			);
			dependencies = (
				1DC7CEC61C73CAB000C1BF4A /* PBXTargetDependency */,
			);
			name = GitsterTests;
			productName = GisterTests;
			productReference = 1DC7CEC41C73CAB000C1BF4A /* GitsterTests.xctest */;
			productType = "com.apple.product-type.bundle.unit-test";
		};
/* End PBXNativeTarget section */

/* Begin PBXProject section */
		1DC7CEA81C73CAB000C1BF4A /* Project object */ = {
			isa = PBXProject;
			attributes = {
				LastSwiftUpdateCheck = 0720;
				LastUpgradeCheck = 0720;
				ORGANIZATIONNAME = AppBrains;
				TargetAttributes = {
					1DC7CEAF1C73CAB000C1BF4A = {
						CreatedOnToolsVersion = 7.2.1;
					};
					1DC7CEC31C73CAB000C1BF4A = {
						CreatedOnToolsVersion = 7.2.1;
						TestTargetID = 1DC7CEAF1C73CAB000C1BF4A;
					};
				};
			};
			buildConfigurationList = 1DC7CEAB1C73CAB000C1BF4A /* Build configuration list for PBXProject "Gitster" */;
			compatibilityVersion = "Xcode 3.2";
			developmentRegion = English;
			hasScannedForEncodings = 0;
			knownRegions = (
				en,
				Base,
			);
			mainGroup = 1DC7CEA71C73CAB000C1BF4A;
			productRefGroup = 1DC7CEB11C73CAB000C1BF4A /* Products */;
			projectDirPath = "";
			projectRoot = "";
			targets = (
				1DC7CEAF1C73CAB000C1BF4A /* Gitster */,
				1DC7CEC31C73CAB000C1BF4A /* GitsterTests */,
			);
		};
/* End PBXProject section */

/* Begin PBXResourcesBuildPhase section */
		1DC7CEAE1C73CAB000C1BF4A /* Resources */ = {
			isa = PBXResourcesBuildPhase;
			buildActionMask = 2147483647;
			files = (
				1DAB121B1C78C72000E53951 /* Images.xcassets in Resources */,
				1DAB12181C78C52400E53951 /* LaunchScreen.storyboard in Resources */,
				1DAB12171C78C52400E53951 /* Main.storyboard in Resources */,
			);
			runOnlyForDeploymentPostprocessing = 0;
		};
		1DC7CEC21C73CAB000C1BF4A /* Resources */ = {
			isa = PBXResourcesBuildPhase;
			buildActionMask = 2147483647;
			files = (
			);
			runOnlyForDeploymentPostprocessing = 0;
		};
/* End PBXResourcesBuildPhase section */

/* Begin PBXShellScriptBuildPhase section */
		470559AD9E90A9D1C4DBFB07 /* Embed Pods Frameworks */ = {
			isa = PBXShellScriptBuildPhase;
			buildActionMask = 2147483647;
			files = (
			);
			inputPaths = (
			);
			name = "Embed Pods Frameworks";
			outputPaths = (
			);
			runOnlyForDeploymentPostprocessing = 0;
			shellPath = /bin/sh;
			shellScript = "\"${SRCROOT}/Pods/Target Support Files/Pods-GitsterTests/Pods-GitsterTests-frameworks.sh\"\n";
			showEnvVarsInLog = 0;
		};
		9D9D0EE213053D4D849F634D /* Check Pods Manifest.lock */ = {
			isa = PBXShellScriptBuildPhase;
			buildActionMask = 2147483647;
			files = (
			);
			inputPaths = (
			);
			name = "Check Pods Manifest.lock";
			outputPaths = (
			);
			runOnlyForDeploymentPostprocessing = 0;
			shellPath = /bin/sh;
			shellScript = "diff \"${PODS_ROOT}/../Podfile.lock\" \"${PODS_ROOT}/Manifest.lock\" > /dev/null\nif [[ $? != 0 ]] ; then\n    cat << EOM\nerror: The sandbox is not in sync with the Podfile.lock. Run 'pod install' or update your CocoaPods installation.\nEOM\n    exit 1\nfi\n";
			showEnvVarsInLog = 0;
		};
		B8F0CEC0E697344A9B77411E /* Copy Pods Resources */ = {
			isa = PBXShellScriptBuildPhase;
			buildActionMask = 2147483647;
			files = (
			);
			inputPaths = (
			);
			name = "Copy Pods Resources";
			outputPaths = (
			);
			runOnlyForDeploymentPostprocessing = 0;
			shellPath = /bin/sh;
			shellScript = "\"${SRCROOT}/Pods/Target Support Files/Pods-GitsterTests/Pods-GitsterTests-resources.sh\"\n";
			showEnvVarsInLog = 0;
		};
		C735FE38F8035A25627FDC39 /* Copy Pods Resources */ = {
			isa = PBXShellScriptBuildPhase;
			buildActionMask = 2147483647;
			files = (
			);
			inputPaths = (
			);
			name = "Copy Pods Resources";
			outputPaths = (
			);
			runOnlyForDeploymentPostprocessing = 0;
			shellPath = /bin/sh;
			shellScript = "\"${SRCROOT}/Pods/Target Support Files/Pods-Gitster/Pods-Gitster-resources.sh\"\n";
			showEnvVarsInLog = 0;
		};
		E6E0B8EE67FBECCCE3741B58 /* Embed Pods Frameworks */ = {
			isa = PBXShellScriptBuildPhase;
			buildActionMask = 2147483647;
			files = (
			);
			inputPaths = (
			);
			name = "Embed Pods Frameworks";
			outputPaths = (
			);
			runOnlyForDeploymentPostprocessing = 0;
			shellPath = /bin/sh;
			shellScript = "\"${SRCROOT}/Pods/Target Support Files/Pods-Gitster/Pods-Gitster-frameworks.sh\"\n";
			showEnvVarsInLog = 0;
		};
		FC6BBE3117F88D7C2243F671 /* Check Pods Manifest.lock */ = {
			isa = PBXShellScriptBuildPhase;
			buildActionMask = 2147483647;
			files = (
			);
			inputPaths = (
			);
			name = "Check Pods Manifest.lock";
			outputPaths = (
			);
			runOnlyForDeploymentPostprocessing = 0;
			shellPath = /bin/sh;
			shellScript = "diff \"${PODS_ROOT}/../Podfile.lock\" \"${PODS_ROOT}/Manifest.lock\" > /dev/null\nif [[ $? != 0 ]] ; then\n    cat << EOM\nerror: The sandbox is not in sync with the Podfile.lock. Run 'pod install' or update your CocoaPods installation.\nEOM\n    exit 1\nfi\n";
			showEnvVarsInLog = 0;
		};
/* End PBXShellScriptBuildPhase section */

/* Begin PBXSourcesBuildPhase section */
		1DC7CEAC1C73CAB000C1BF4A /* Sources */ = {
			isa = PBXSourcesBuildPhase;
			buildActionMask = 2147483647;
			files = (
				1DAB121C1C78C7B000E53951 /* GitSearchViewController.swift in Sources */,
				1DAB121D1C78C7B000E53951 /* GitSearchViewModel.swift in Sources */,
				1DAB121E1C78C7B000E53951 /* AppDelegate.swift in Sources */,
				1DAB121F1C78C7B000E53951 /* Networking.swift in Sources */,
			);
			runOnlyForDeploymentPostprocessing = 0;
		};
		1DC7CEC01C73CAB000C1BF4A /* Sources */ = {
			isa = PBXSourcesBuildPhase;
			buildActionMask = 2147483647;
			files = (
				1DC7CEC91C73CAB000C1BF4A /* ViewingGists.swift in Sources */,
				1D096DB91C788F5800A67C6C /* FakeNetwork.swift in Sources */,
			);
			runOnlyForDeploymentPostprocessing = 0;
		};
/* End PBXSourcesBuildPhase section */

/* Begin PBXTargetDependency section */
		1DC7CEC61C73CAB000C1BF4A /* PBXTargetDependency */ = {
			isa = PBXTargetDependency;
			target = 1DC7CEAF1C73CAB000C1BF4A /* Gitster */;
			targetProxy = 1DC7CEC51C73CAB000C1BF4A /* PBXContainerItemProxy */;
		};
/* End PBXTargetDependency section */

/* Begin PBXVariantGroup section */
		1DAB12131C78C52400E53951 /* Main.storyboard */ = {
			isa = PBXVariantGroup;
			children = (
				1DAB12141C78C52400E53951 /* Base */,
			);
			name = Main.storyboard;
			sourceTree = "<group>";
		};
		1DAB12151C78C52400E53951 /* LaunchScreen.storyboard */ = {
			isa = PBXVariantGroup;
			children = (
				1DAB12161C78C52400E53951 /* Base */,
			);
			name = LaunchScreen.storyboard;
			sourceTree = "<group>";
		};
/* End PBXVariantGroup section */

/* Begin XCBuildConfiguration section */
		1DC7CECB1C73CAB000C1BF4A /* Debug */ = {
			isa = XCBuildConfiguration;
			buildSettings = {
				ALWAYS_SEARCH_USER_PATHS = NO;
				CLANG_CXX_LANGUAGE_STANDARD = "gnu++0x";
				CLANG_CXX_LIBRARY = "libc++";
				CLANG_ENABLE_MODULES = YES;
				CLANG_ENABLE_OBJC_ARC = YES;
				CLANG_WARN_BOOL_CONVERSION = YES;
				CLANG_WARN_CONSTANT_CONVERSION = YES;
				CLANG_WARN_DIRECT_OBJC_ISA_USAGE = YES_ERROR;
				CLANG_WARN_EMPTY_BODY = YES;
				CLANG_WARN_ENUM_CONVERSION = YES;
				CLANG_WARN_INT_CONVERSION = YES;
				CLANG_WARN_OBJC_ROOT_CLASS = YES_ERROR;
				CLANG_WARN_UNREACHABLE_CODE = YES;
				CLANG_WARN__DUPLICATE_METHOD_MATCH = YES;
				"CODE_SIGN_IDENTITY[sdk=iphoneos*]" = "iPhone Developer";
				COPY_PHASE_STRIP = NO;
				DEBUG_INFORMATION_FORMAT = dwarf;
				ENABLE_STRICT_OBJC_MSGSEND = YES;
				ENABLE_TESTABILITY = YES;
				GCC_C_LANGUAGE_STANDARD = gnu99;
				GCC_DYNAMIC_NO_PIC = NO;
				GCC_NO_COMMON_BLOCKS = YES;
				GCC_OPTIMIZATION_LEVEL = 0;
				GCC_PREPROCESSOR_DEFINITIONS = (
					"DEBUG=1",
					"$(inherited)",
				);
				GCC_WARN_64_TO_32_BIT_CONVERSION = YES;
				GCC_WARN_ABOUT_RETURN_TYPE = YES_ERROR;
				GCC_WARN_UNDECLARED_SELECTOR = YES;
				GCC_WARN_UNINITIALIZED_AUTOS = YES_AGGRESSIVE;
				GCC_WARN_UNUSED_FUNCTION = YES;
				GCC_WARN_UNUSED_VARIABLE = YES;
				IPHONEOS_DEPLOYMENT_TARGET = 9.2;
				MTL_ENABLE_DEBUG_INFO = YES;
				ONLY_ACTIVE_ARCH = YES;
				SDKROOT = iphoneos;
				SWIFT_OPTIMIZATION_LEVEL = "-Onone";
				TARGETED_DEVICE_FAMILY = "1,2";
			};
			name = Debug;
		};
		1DC7CECC1C73CAB000C1BF4A /* Release */ = {
			isa = XCBuildConfiguration;
			buildSettings = {
				ALWAYS_SEARCH_USER_PATHS = NO;
				CLANG_CXX_LANGUAGE_STANDARD = "gnu++0x";
				CLANG_CXX_LIBRARY = "libc++";
				CLANG_ENABLE_MODULES = YES;
				CLANG_ENABLE_OBJC_ARC = YES;
				CLANG_WARN_BOOL_CONVERSION = YES;
				CLANG_WARN_CONSTANT_CONVERSION = YES;
				CLANG_WARN_DIRECT_OBJC_ISA_USAGE = YES_ERROR;
				CLANG_WARN_EMPTY_BODY = YES;
				CLANG_WARN_ENUM_CONVERSION = YES;
				CLANG_WARN_INT_CONVERSION = YES;
				CLANG_WARN_OBJC_ROOT_CLASS = YES_ERROR;
				CLANG_WARN_UNREACHABLE_CODE = YES;
				CLANG_WARN__DUPLICATE_METHOD_MATCH = YES;
				"CODE_SIGN_IDENTITY[sdk=iphoneos*]" = "iPhone Developer";
				COPY_PHASE_STRIP = NO;
				DEBUG_INFORMATION_FORMAT = "dwarf-with-dsym";
				ENABLE_NS_ASSERTIONS = NO;
				ENABLE_STRICT_OBJC_MSGSEND = YES;
				GCC_C_LANGUAGE_STANDARD = gnu99;
				GCC_NO_COMMON_BLOCKS = YES;
				GCC_WARN_64_TO_32_BIT_CONVERSION = YES;
				GCC_WARN_ABOUT_RETURN_TYPE = YES_ERROR;
				GCC_WARN_UNDECLARED_SELECTOR = YES;
				GCC_WARN_UNINITIALIZED_AUTOS = YES_AGGRESSIVE;
				GCC_WARN_UNUSED_FUNCTION = YES;
				GCC_WARN_UNUSED_VARIABLE = YES;
				IPHONEOS_DEPLOYMENT_TARGET = 9.2;
				MTL_ENABLE_DEBUG_INFO = NO;
				SDKROOT = iphoneos;
				TARGETED_DEVICE_FAMILY = "1,2";
				VALIDATE_PRODUCT = YES;
			};
			name = Release;
		};
		1DC7CECE1C73CAB000C1BF4A /* Debug */ = {
			isa = XCBuildConfiguration;
			baseConfigurationReference = 524523B04C2185E836E7A4F0 /* Pods-Gitster.debug.xcconfig */;
			buildSettings = {
				ASSETCATALOG_COMPILER_APPICON_NAME = AppIcon;
				CODE_SIGN_IDENTITY = "iPhone Developer";
				INFOPLIST_FILE = "$(SRCROOT)/Gitster/Info.plist";
				LD_RUNPATH_SEARCH_PATHS = "$(inherited) @executable_path/Frameworks";
				PRODUCT_BUNDLE_IDENTIFIER = AppBrains.Gitster;
				PRODUCT_NAME = "$(TARGET_NAME)";
			};
			name = Debug;
		};
		1DC7CECF1C73CAB000C1BF4A /* Release */ = {
			isa = XCBuildConfiguration;
			baseConfigurationReference = 592DBCCE1352D3F6E87D1535 /* Pods-Gitster.release.xcconfig */;
			buildSettings = {
				ASSETCATALOG_COMPILER_APPICON_NAME = AppIcon;
				CODE_SIGN_IDENTITY = "iPhone Developer";
				INFOPLIST_FILE = "$(SRCROOT)/Gitster/Info.plist";
				LD_RUNPATH_SEARCH_PATHS = "$(inherited) @executable_path/Frameworks";
				PRODUCT_BUNDLE_IDENTIFIER = AppBrains.Gitster;
				PRODUCT_NAME = "$(TARGET_NAME)";
			};
			name = Release;
		};
		1DC7CED11C73CAB000C1BF4A /* Debug */ = {
			isa = XCBuildConfiguration;
			baseConfigurationReference = AACECACD3A9A2CAF1525F392 /* Pods-GitsterTests.debug.xcconfig */;
			buildSettings = {
				BUNDLE_LOADER = "$(TEST_HOST)";
				INFOPLIST_FILE = GitsterTests/Info.plist;
				LD_RUNPATH_SEARCH_PATHS = "$(inherited) @executable_path/Frameworks @loader_path/Frameworks";
				PRODUCT_BUNDLE_IDENTIFIER = AppBrains.GitsterTests;
				PRODUCT_NAME = "$(TARGET_NAME)";
				TEST_HOST = "$(BUILT_PRODUCTS_DIR)/Gitster.app/Gitster";
			};
			name = Debug;
		};
		1DC7CED21C73CAB000C1BF4A /* Release */ = {
			isa = XCBuildConfiguration;
			baseConfigurationReference = 9DE64B2B59220A5D4A9582CC /* Pods-GitsterTests.release.xcconfig */;
			buildSettings = {
				BUNDLE_LOADER = "$(TEST_HOST)";
				INFOPLIST_FILE = GitsterTests/Info.plist;
				LD_RUNPATH_SEARCH_PATHS = "$(inherited) @executable_path/Frameworks @loader_path/Frameworks";
				PRODUCT_BUNDLE_IDENTIFIER = AppBrains.GitsterTests;
				PRODUCT_NAME = "$(TARGET_NAME)";
				TEST_HOST = "$(BUILT_PRODUCTS_DIR)/Gitster.app/Gitster";
			};
			name = Release;
		};
/* End XCBuildConfiguration section */

/* Begin XCConfigurationList section */
		1DC7CEAB1C73CAB000C1BF4A /* Build configuration list for PBXProject "Gitster" */ = {
			isa = XCConfigurationList;
			buildConfigurations = (
				1DC7CECB1C73CAB000C1BF4A /* Debug */,
				1DC7CECC1C73CAB000C1BF4A /* Release */,
			);
			defaultConfigurationIsVisible = 0;
			defaultConfigurationName = Release;
		};
		1DC7CECD1C73CAB000C1BF4A /* Build configuration list for PBXNativeTarget "Gitster" */ = {
			isa = XCConfigurationList;
			buildConfigurations = (
				1DC7CECE1C73CAB000C1BF4A /* Debug */,
				1DC7CECF1C73CAB000C1BF4A /* Release */,
			);
			defaultConfigurationIsVisible = 0;
			defaultConfigurationName = Release;
		};
		1DC7CED01C73CAB000C1BF4A /* Build configuration list for PBXNativeTarget "GitsterTests" */ = {
			isa = XCConfigurationList;
			buildConfigurations = (
				1DC7CED11C73CAB000C1BF4A /* Debug */,
				1DC7CED21C73CAB000C1BF4A /* Release */,
			);
			defaultConfigurationIsVisible = 0;
			defaultConfigurationName = Release;
		};
/* End XCConfigurationList section */
	};
	rootObject = 1DC7CEA81C73CAB000C1BF4A /* Project object */;
}
